
Microsoft Visual Studio Solution File, Format Version 12.00
# Visual Studio Version 17
VisualStudioVersion = 17.5.33516.290
MinimumVisualStudioVersion = 10.0.40219.1
Project("{F184B08F-C81C-45F6-A57F-5ABD9991F28F}") = "english tutor", "english tutor\english tutor.vbproj", "{9239A3CE-943C-44B9-88E1-5AD84DE6FDDF}"
EndProject
Global
	GlobalSection(SolutionConfigurationPlatforms) = preSolution
		Debug|Any CPU = Debug|Any CPU
		Release|Any CPU = Release|Any CPU
	EndGlobalSection
	GlobalSection(ProjectConfigurationPlatforms) = postSolution
		{9239A3CE-943C-44B9-88E1-5AD84DE6FDDF}.Debug|Any CPU.ActiveCfg = Debug|Any CPU
		{9239A3CE-943C-44B9-88E1-5AD84DE6FDDF}.Debug|Any CPU.Build.0 = Debug|Any CPU
		{9239A3CE-943C-44B9-88E1-5AD84DE6FDDF}.Release|Any CPU.ActiveCfg = Release|Any CPU
		{9239A3CE-943C-44B9-88E1-5AD84DE6FDDF}.Release|Any CPU.Build.0 = Release|Any CPU
	EndGlobalSection
	GlobalSection(SolutionProperties) = preSolution
		HideSolutionNode = FALSE
	EndGlobalSection
	GlobalSection(ExtensibilityGlobals) = postSolution
		SolutionGuid = {BF7B08FE-32A4-4EAC-9EB0-C53B1F9DE471}
	EndGlobalSection
EndGlobal
